
Microsoft Visual Studio Solution File, Format Version 12.00
# Visual Studio 14
VisualStudioVersion = 14.0.25420.1
MinimumVisualStudioVersion = 10.0.40219.1
Project("{FAE04EC0-301F-11D3-BF4B-00C04F79EFBC}") = "PTC", "PTC\PTC.csproj", "{852323DC-A96A-4D43-9734-511780225B5F}"
EndProject
Project("{FAE04EC0-301F-11D3-BF4B-00C04F79EFBC}") = "PTC.Data", "PTC.Data\PTC.Data.csproj", "{9F51188B-D0D7-41D5-9458-5D8A7739ECA3}"
EndProject
Global
	GlobalSection(SolutionConfigurationPlatforms) = preSolution
		Debug|Any CPU = Debug|Any CPU
		Release|Any CPU = Release|Any CPU
	EndGlobalSection
	GlobalSection(ProjectConfigurationPlatforms) = postSolution
		{852323DC-A96A-4D43-9734-511780225B5F}.Debug|Any CPU.ActiveCfg = Debug|Any CPU
		{852323DC-A96A-4D43-9734-511780225B5F}.Debug|Any CPU.Build.0 = Debug|Any CPU
		{852323DC-A96A-4D43-9734-511780225B5F}.Release|Any CPU.ActiveCfg = Release|Any CPU
		{852323DC-A96A-4D43-9734-511780225B5F}.Release|Any CPU.Build.0 = Release|Any CPU
		{9F51188B-D0D7-41D5-9458-5D8A7739ECA3}.Debug|Any CPU.ActiveCfg = Debug|Any CPU
		{9F51188B-D0D7-41D5-9458-5D8A7739ECA3}.Debug|Any CPU.Build.0 = Debug|Any CPU
		{9F51188B-D0D7-41D5-9458-5D8A7739ECA3}.Release|Any CPU.ActiveCfg = Release|Any CPU
		{9F51188B-D0D7-41D5-9458-5D8A7739ECA3}.Release|Any CPU.Build.0 = Release|Any CPU
	EndGlobalSection
	GlobalSection(SolutionProperties) = preSolution
		HideSolutionNode = FALSE
	EndGlobalSection
EndGlobal
